
Microsoft Visual Studio Solution File, Format Version 12.00
# Visual Studio Version 17
VisualStudioVersion = 17.13.35931.197
MinimumVisualStudioVersion = 10.0.40219.1
Project("{2150E333-8FDC-42A3-9474-1A3956D46DE8}") = "Backend", "Backend", "{02EA681E-C7D8-13C7-8484-4AC65E1B71E8}"
EndProject
Project("{2150E333-8FDC-42A3-9474-1A3956D46DE8}") = "Frontend", "Frontend", "{7FCEA9E0-C765-49E8-AA49-A8ACE125D363}"
EndProject
Project("{2150E333-8FDC-42A3-9474-1A3956D46DE8}") = "Core", "Core", "{3B8E2B6D-F60B-4501-934D-30C60315F20E}"
EndProject
Project("{2150E333-8FDC-42A3-9474-1A3956D46DE8}") = "Infrastructure", "Infrastructure", "{329C4EB0-BD89-4057-B302-95C8E8F6310C}"
EndProject
Project("{2150E333-8FDC-42A3-9474-1A3956D46DE8}") = "Presentation", "Presentation", "{00A0DB8F-2556-4116-891B-9B81E92C7DB3}"
EndProject
Project("{FAE04EC0-301F-11D3-BF4B-00C04F79EFBC}") = "GoodHamburger.API", "GoodHamburger.API\GoodHamburger.API.csproj", "{252A44A1-CD74-4BBC-99D8-FBF5DCD86238}"
EndProject
Project("{FAE04EC0-301F-11D3-BF4B-00C04F79EFBC}") = "GoodHamburger.Application", "GoodHamburger.Application\GoodHamburger.Application.csproj", "{1CBE2342-5D5B-4D19-90B1-A5932AFC2945}"
EndProject
Project("{FAE04EC0-301F-11D3-BF4B-00C04F79EFBC}") = "GoodHamburger.Domain", "GoodHamburger.Domain\GoodHamburger.Domain.csproj", "{FDBF2B15-61CC-4481-AF34-EF68C3E979AA}"
EndProject
Project("{FAE04EC0-301F-11D3-BF4B-00C04F79EFBC}") = "GoodHamburger.Infrastructure", "GoodHamburger.Infrastructure\GoodHamburger.Infrastructure.csproj", "{C7CE7113-A813-4629-B286-FE4F6EF6210B}"
EndProject
Project("{2150E333-8FDC-42A3-9474-1A3956D46DE8}") = "Tests", "Tests", "{5558AB9B-9C67-4702-A40A-0629138D669A}"
EndProject
Project("{FAE04EC0-301F-11D3-BF4B-00C04F79EFBC}") = "GoodHamburger.Tests", "GoodHamburger.Tests\GoodHamburger.Tests.csproj", "{39A574E1-CA83-4CD3-B922-A1E49939A8E9}"
EndProject
Project("{FAE04EC0-301F-11D3-BF4B-00C04F79EFBC}") = "GoodHamburger.APP", "GoodHamburger.APP\GoodHamburger.APP.csproj", "{2718E2C6-7B6B-968F-47DE-D107AD32BC5E}"
EndProject
Global
	GlobalSection(SolutionConfigurationPlatforms) = preSolution
		Debug|Any CPU = Debug|Any CPU
		Debug|x64 = Debug|x64
		Debug|x86 = Debug|x86
		Release|Any CPU = Release|Any CPU
		Release|x64 = Release|x64
		Release|x86 = Release|x86
	EndGlobalSection
	GlobalSection(ProjectConfigurationPlatforms) = postSolution
		{252A44A1-CD74-4BBC-99D8-FBF5DCD86238}.Debug|Any CPU.ActiveCfg = Debug|Any CPU
		{252A44A1-CD74-4BBC-99D8-FBF5DCD86238}.Debug|Any CPU.Build.0 = Debug|Any CPU
		{252A44A1-CD74-4BBC-99D8-FBF5DCD86238}.Debug|x64.ActiveCfg = Debug|Any CPU
		{252A44A1-CD74-4BBC-99D8-FBF5DCD86238}.Debug|x64.Build.0 = Debug|Any CPU
		{252A44A1-CD74-4BBC-99D8-FBF5DCD86238}.Debug|x86.ActiveCfg = Debug|Any CPU
		{252A44A1-CD74-4BBC-99D8-FBF5DCD86238}.Debug|x86.Build.0 = Debug|Any CPU
		{252A44A1-CD74-4BBC-99D8-FBF5DCD86238}.Release|Any CPU.ActiveCfg = Release|Any CPU
		{252A44A1-CD74-4BBC-99D8-FBF5DCD86238}.Release|Any CPU.Build.0 = Release|Any CPU
		{252A44A1-CD74-4BBC-99D8-FBF5DCD86238}.Release|x64.ActiveCfg = Release|Any CPU
		{252A44A1-CD74-4BBC-99D8-FBF5DCD86238}.Release|x64.Build.0 = Release|Any CPU
		{252A44A1-CD74-4BBC-99D8-FBF5DCD86238}.Release|x86.ActiveCfg = Release|Any CPU
		{252A44A1-CD74-4BBC-99D8-FBF5DCD86238}.Release|x86.Build.0 = Release|Any CPU
		{1CBE2342-5D5B-4D19-90B1-A5932AFC2945}.Debug|Any CPU.ActiveCfg = Debug|Any CPU
		{1CBE2342-5D5B-4D19-90B1-A5932AFC2945}.Debug|Any CPU.Build.0 = Debug|Any CPU
		{1CBE2342-5D5B-4D19-90B1-A5932AFC2945}.Debug|x64.ActiveCfg = Debug|Any CPU
		{1CBE2342-5D5B-4D19-90B1-A5932AFC2945}.Debug|x64.Build.0 = Debug|Any CPU
		{1CBE2342-5D5B-4D19-90B1-A5932AFC2945}.Debug|x86.ActiveCfg = Debug|Any CPU
		{1CBE2342-5D5B-4D19-90B1-A5932AFC2945}.Debug|x86.Build.0 = Debug|Any CPU
		{1CBE2342-5D5B-4D19-90B1-A5932AFC2945}.Release|Any CPU.ActiveCfg = Release|Any CPU
		{1CBE2342-5D5B-4D19-90B1-A5932AFC2945}.Release|Any CPU.Build.0 = Release|Any CPU
		{1CBE2342-5D5B-4D19-90B1-A5932AFC2945}.Release|x64.ActiveCfg = Release|Any CPU
		{1CBE2342-5D5B-4D19-90B1-A5932AFC2945}.Release|x64.Build.0 = Release|Any CPU
		{1CBE2342-5D5B-4D19-90B1-A5932AFC2945}.Release|x86.ActiveCfg = Release|Any CPU
		{1CBE2342-5D5B-4D19-90B1-A5932AFC2945}.Release|x86.Build.0 = Release|Any CPU
		{FDBF2B15-61CC-4481-AF34-EF68C3E979AA}.Debug|Any CPU.ActiveCfg = Debug|Any CPU
		{FDBF2B15-61CC-4481-AF34-EF68C3E979AA}.Debug|Any CPU.Build.0 = Debug|Any CPU
		{FDBF2B15-61CC-4481-AF34-EF68C3E979AA}.Debug|x64.ActiveCfg = Debug|Any CPU
		{FDBF2B15-61CC-4481-AF34-EF68C3E979AA}.Debug|x64.Build.0 = Debug|Any CPU
		{FDBF2B15-61CC-4481-AF34-EF68C3E979AA}.Debug|x86.ActiveCfg = Debug|Any CPU
		{FDBF2B15-61CC-4481-AF34-EF68C3E979AA}.Debug|x86.Build.0 = Debug|Any CPU
		{FDBF2B15-61CC-4481-AF34-EF68C3E979AA}.Release|Any CPU.ActiveCfg = Release|Any CPU
		{FDBF2B15-61CC-4481-AF34-EF68C3E979AA}.Release|Any CPU.Build.0 = Release|Any CPU
		{FDBF2B15-61CC-4481-AF34-EF68C3E979AA}.Release|x64.ActiveCfg = Release|Any CPU
		{FDBF2B15-61CC-4481-AF34-EF68C3E979AA}.Release|x64.Build.0 = Release|Any CPU
		{FDBF2B15-61CC-4481-AF34-EF68C3E979AA}.Release|x86.ActiveCfg = Release|Any CPU
		{FDBF2B15-61CC-4481-AF34-EF68C3E979AA}.Release|x86.Build.0 = Release|Any CPU
		{C7CE7113-A813-4629-B286-FE4F6EF6210B}.Debug|Any CPU.ActiveCfg = Debug|Any CPU
		{C7CE7113-A813-4629-B286-FE4F6EF6210B}.Debug|Any CPU.Build.0 = Debug|Any CPU
		{C7CE7113-A813-4629-B286-FE4F6EF6210B}.Debug|x64.ActiveCfg = Debug|Any CPU
		{C7CE7113-A813-4629-B286-FE4F6EF6210B}.Debug|x64.Build.0 = Debug|Any CPU
		{C7CE7113-A813-4629-B286-FE4F6EF6210B}.Debug|x86.ActiveCfg = Debug|Any CPU
		{C7CE7113-A813-4629-B286-FE4F6EF6210B}.Debug|x86.Build.0 = Debug|Any CPU
		{C7CE7113-A813-4629-B286-FE4F6EF6210B}.Release|Any CPU.ActiveCfg = Release|Any CPU
		{C7CE7113-A813-4629-B286-FE4F6EF6210B}.Release|Any CPU.Build.0 = Release|Any CPU
		{C7CE7113-A813-4629-B286-FE4F6EF6210B}.Release|x64.ActiveCfg = Release|Any CPU
		{C7CE7113-A813-4629-B286-FE4F6EF6210B}.Release|x64.Build.0 = Release|Any CPU
		{C7CE7113-A813-4629-B286-FE4F6EF6210B}.Release|x86.ActiveCfg = Release|Any CPU
		{C7CE7113-A813-4629-B286-FE4F6EF6210B}.Release|x86.Build.0 = Release|Any CPU
		{39A574E1-CA83-4CD3-B922-A1E49939A8E9}.Debug|Any CPU.ActiveCfg = Debug|Any CPU
		{39A574E1-CA83-4CD3-B922-A1E49939A8E9}.Debug|Any CPU.Build.0 = Debug|Any CPU
		{39A574E1-CA83-4CD3-B922-A1E49939A8E9}.Debug|x64.ActiveCfg = Debug|Any CPU
		{39A574E1-CA83-4CD3-B922-A1E49939A8E9}.Debug|x64.Build.0 = Debug|Any CPU
		{39A574E1-CA83-4CD3-B922-A1E49939A8E9}.Debug|x86.ActiveCfg = Debug|Any CPU
		{39A574E1-CA83-4CD3-B922-A1E49939A8E9}.Debug|x86.Build.0 = Debug|Any CPU
		{39A574E1-CA83-4CD3-B922-A1E49939A8E9}.Release|Any CPU.ActiveCfg = Release|Any CPU
		{39A574E1-CA83-4CD3-B922-A1E49939A8E9}.Release|Any CPU.Build.0 = Release|Any CPU
		{39A574E1-CA83-4CD3-B922-A1E49939A8E9}.Release|x64.ActiveCfg = Release|Any CPU
		{39A574E1-CA83-4CD3-B922-A1E49939A8E9}.Release|x64.Build.0 = Release|Any CPU
		{39A574E1-CA83-4CD3-B922-A1E49939A8E9}.Release|x86.ActiveCfg = Release|Any CPU
		{39A574E1-CA83-4CD3-B922-A1E49939A8E9}.Release|x86.Build.0 = Release|Any CPU
		{2718E2C6-7B6B-968F-47DE-D107AD32BC5E}.Debug|Any CPU.ActiveCfg = Debug|Any CPU
		{2718E2C6-7B6B-968F-47DE-D107AD32BC5E}.Debug|Any CPU.Build.0 = Debug|Any CPU
		{2718E2C6-7B6B-968F-47DE-D107AD32BC5E}.Debug|x64.ActiveCfg = Debug|Any CPU
		{2718E2C6-7B6B-968F-47DE-D107AD32BC5E}.Debug|x64.Build.0 = Debug|Any CPU
		{2718E2C6-7B6B-968F-47DE-D107AD32BC5E}.Debug|x86.ActiveCfg = Debug|Any CPU
		{2718E2C6-7B6B-968F-47DE-D107AD32BC5E}.Debug|x86.Build.0 = Debug|Any CPU
		{2718E2C6-7B6B-968F-47DE-D107AD32BC5E}.Release|Any CPU.ActiveCfg = Release|Any CPU
		{2718E2C6-7B6B-968F-47DE-D107AD32BC5E}.Release|Any CPU.Build.0 = Release|Any CPU
		{2718E2C6-7B6B-968F-47DE-D107AD32BC5E}.Release|x64.ActiveCfg = Release|Any CPU
		{2718E2C6-7B6B-968F-47DE-D107AD32BC5E}.Release|x64.Build.0 = Release|Any CPU
		{2718E2C6-7B6B-968F-47DE-D107AD32BC5E}.Release|x86.ActiveCfg = Release|Any CPU
		{2718E2C6-7B6B-968F-47DE-D107AD32BC5E}.Release|x86.Build.0 = Release|Any CPU
	EndGlobalSection
	GlobalSection(SolutionProperties) = preSolution
		HideSolutionNode = FALSE
	EndGlobalSection
	GlobalSection(NestedProjects) = preSolution
		{3B8E2B6D-F60B-4501-934D-30C60315F20E} = {02EA681E-C7D8-13C7-8484-4AC65E1B71E8}
		{329C4EB0-BD89-4057-B302-95C8E8F6310C} = {02EA681E-C7D8-13C7-8484-4AC65E1B71E8}
		{00A0DB8F-2556-4116-891B-9B81E92C7DB3} = {02EA681E-C7D8-13C7-8484-4AC65E1B71E8}
		{252A44A1-CD74-4BBC-99D8-FBF5DCD86238} = {00A0DB8F-2556-4116-891B-9B81E92C7DB3}
		{1CBE2342-5D5B-4D19-90B1-A5932AFC2945} = {3B8E2B6D-F60B-4501-934D-30C60315F20E}
		{FDBF2B15-61CC-4481-AF34-EF68C3E979AA} = {3B8E2B6D-F60B-4501-934D-30C60315F20E}
		{C7CE7113-A813-4629-B286-FE4F6EF6210B} = {329C4EB0-BD89-4057-B302-95C8E8F6310C}
		{39A574E1-CA83-4CD3-B922-A1E49939A8E9} = {5558AB9B-9C67-4702-A40A-0629138D669A}
		{2718E2C6-7B6B-968F-47DE-D107AD32BC5E} = {7FCEA9E0-C765-49E8-AA49-A8ACE125D363}
	EndGlobalSection
	GlobalSection(ExtensibilityGlobals) = postSolution
		SolutionGuid = {3CC2754C-D1DB-419E-80A7-BF4AB60C1D6E}
	EndGlobalSection
EndGlobal
